
Microsoft Visual Studio Solution File, Format Version 11.00
# Visual Studio 2010
Project("{FAE04EC0-301F-11D3-BF4B-00C04F79EFBC}") = "Assembly-CSharp", "Assembly-CSharp.csproj", "{D134C38D-D440-B90A-3DE3-2DEBBFC72A89}"
EndProject
Project("{FAE04EC0-301F-11D3-BF4B-00C04F79EFBC}") = "Assembly-CSharp-Editor", "Assembly-CSharp-Editor.csproj", "{0C6CAB5C-CB79-4238-2378-0E8B3571F28C}"
EndProject
Global
	GlobalSection(SolutionConfigurationPlatforms) = preSolution
		Debug|Any CPU = Debug|Any CPU
		Release|Any CPU = Release|Any CPU
	EndGlobalSection
	GlobalSection(ProjectConfigurationPlatforms) = postSolution
		{D134C38D-D440-B90A-3DE3-2DEBBFC72A89}.Debug|Any CPU.ActiveCfg = Debug|Any CPU
		{D134C38D-D440-B90A-3DE3-2DEBBFC72A89}.Debug|Any CPU.Build.0 = Debug|Any CPU
		{D134C38D-D440-B90A-3DE3-2DEBBFC72A89}.Release|Any CPU.ActiveCfg = Release|Any CPU
		{D134C38D-D440-B90A-3DE3-2DEBBFC72A89}.Release|Any CPU.Build.0 = Release|Any CPU
		{0C6CAB5C-CB79-4238-2378-0E8B3571F28C}.Debug|Any CPU.ActiveCfg = Debug|Any CPU
		{0C6CAB5C-CB79-4238-2378-0E8B3571F28C}.Debug|Any CPU.Build.0 = Debug|Any CPU
		{0C6CAB5C-CB79-4238-2378-0E8B3571F28C}.Release|Any CPU.ActiveCfg = Release|Any CPU
		{0C6CAB5C-CB79-4238-2378-0E8B3571F28C}.Release|Any CPU.Build.0 = Release|Any CPU
	EndGlobalSection
	GlobalSection(SolutionProperties) = preSolution
		HideSolutionNode = FALSE
	EndGlobalSection
EndGlobal
