
Microsoft Visual Studio Solution File, Format Version 12.00
# Visual Studio 15
Project("{FAE04EC0-301F-11D3-BF4B-00C04F79EFBC}") = "Assembly-CSharp", "Assembly-CSharp.csproj", "{F2F27729-E0D6-E8B2-9C58-B7A4AA8095D9}"
EndProject
Project("{FAE04EC0-301F-11D3-BF4B-00C04F79EFBC}") = "Assembly-CSharp-Editor", "Assembly-CSharp-Editor.csproj", "{FF420571-C6B1-1D5D-5B4E-87DCB2CD3361}"
EndProject
Global
	GlobalSection(SolutionConfigurationPlatforms) = preSolution
		Debug|Any CPU = Debug|Any CPU
		Release|Any CPU = Release|Any CPU
	EndGlobalSection
	GlobalSection(ProjectConfigurationPlatforms) = postSolution
		{F2F27729-E0D6-E8B2-9C58-B7A4AA8095D9}.Debug|Any CPU.ActiveCfg = Debug|Any CPU
		{F2F27729-E0D6-E8B2-9C58-B7A4AA8095D9}.Debug|Any CPU.Build.0 = Debug|Any CPU
		{F2F27729-E0D6-E8B2-9C58-B7A4AA8095D9}.Release|Any CPU.ActiveCfg = Release|Any CPU
		{F2F27729-E0D6-E8B2-9C58-B7A4AA8095D9}.Release|Any CPU.Build.0 = Release|Any CPU
		{FF420571-C6B1-1D5D-5B4E-87DCB2CD3361}.Debug|Any CPU.ActiveCfg = Debug|Any CPU
		{FF420571-C6B1-1D5D-5B4E-87DCB2CD3361}.Debug|Any CPU.Build.0 = Debug|Any CPU
		{FF420571-C6B1-1D5D-5B4E-87DCB2CD3361}.Release|Any CPU.ActiveCfg = Release|Any CPU
		{FF420571-C6B1-1D5D-5B4E-87DCB2CD3361}.Release|Any CPU.Build.0 = Release|Any CPU
	EndGlobalSection
	GlobalSection(SolutionProperties) = preSolution
		HideSolutionNode = FALSE
	EndGlobalSection
EndGlobal
